// !$*UTF8*$!
{
	archiveVersion = 1;
	classes = {
	};
	objectVersion = 50;
	objects = {

/* Begin PBXBuildFile section */
		6035C0F4228AF3E00069A1C5 /* AppDelegate.swift in Sources */ = {isa = PBXBuildFile; fileRef = 6035C0F3228AF3E00069A1C5 /* AppDelegate.swift */; };
		6035C0F6228AF3E00069A1C5 /* ViewController.swift in Sources */ = {isa = PBXBuildFile; fileRef = 6035C0F5228AF3E00069A1C5 /* ViewController.swift */; };
		6035C0F9228AF3E00069A1C5 /* Main.storyboard in Resources */ = {isa = PBXBuildFile; fileRef = 6035C0F7228AF3E00069A1C5 /* Main.storyboard */; };
		6035C0FB228AF3E10069A1C5 /* Assets.xcassets in Resources */ = {isa = PBXBuildFile; fileRef = 6035C0FA228AF3E10069A1C5 /* Assets.xcassets */; };
		6035C0FE228AF3E10069A1C5 /* LaunchScreen.storyboard in Resources */ = {isa = PBXBuildFile; fileRef = 6035C0FC228AF3E10069A1C5 /* LaunchScreen.storyboard */; };
		6035C109228AF3E10069A1C5 /* Simple_Collection_ViewTests.swift in Sources */ = {isa = PBXBuildFile; fileRef = 6035C108228AF3E10069A1C5 /* Simple_Collection_ViewTests.swift */; };
		6035C114228AF3E10069A1C5 /* Simple_Collection_ViewUITests.swift in Sources */ = {isa = PBXBuildFile; fileRef = 6035C113228AF3E10069A1C5 /* Simple_Collection_ViewUITests.swift */; };
		6035C122228AF6300069A1C5 /* MyCollectionViewCell.swift in Sources */ = {isa = PBXBuildFile; fileRef = 6035C121228AF6300069A1C5 /* MyCollectionViewCell.swift */; };
/* End PBXBuildFile section */

/* Begin PBXContainerItemProxy section */
		6035C105228AF3E10069A1C5 /* PBXContainerItemProxy */ = {
			isa = PBXContainerItemProxy;
			containerPortal = 6035C0E8228AF3E00069A1C5 /* Project object */;
			proxyType = 1;
			remoteGlobalIDString = 6035C0EF228AF3E00069A1C5;
			remoteInfo = "Simple Collection View";
		};
		6035C110228AF3E10069A1C5 /* PBXContainerItemProxy */ = {
			isa = PBXContainerItemProxy;
			containerPortal = 6035C0E8228AF3E00069A1C5 /* Project object */;
			proxyType = 1;
			remoteGlobalIDString = 6035C0EF228AF3E00069A1C5;
			remoteInfo = "Simple Collection View";
		};
/* End PBXContainerItemProxy section */

/* Begin PBXFileReference section */
		6035C0F0228AF3E00069A1C5 /* Simple Collection View.app */ = {isa = PBXFileReference; explicitFileType = wrapper.application; includeInIndex = 0; path = "Simple Collection View.app"; sourceTree = BUILT_PRODUCTS_DIR; };
		6035C0F3228AF3E00069A1C5 /* AppDelegate.swift */ = {isa = PBXFileReference; lastKnownFileType = sourcecode.swift; path = AppDelegate.swift; sourceTree = "<group>"; };
		6035C0F5228AF3E00069A1C5 /* ViewController.swift */ = {isa = PBXFileReference; lastKnownFileType = sourcecode.swift; path = ViewController.swift; sourceTree = "<group>"; };
		6035C0F8228AF3E00069A1C5 /* Base */ = {isa = PBXFileReference; lastKnownFileType = file.storyboard; name = Base; path = Base.lproj/Main.storyboard; sourceTree = "<group>"; };
		6035C0FA228AF3E10069A1C5 /* Assets.xcassets */ = {isa = PBXFileReference; lastKnownFileType = folder.assetcatalog; path = Assets.xcassets; sourceTree = "<group>"; };
		6035C0FD228AF3E10069A1C5 /* Base */ = {isa = PBXFileReference; lastKnownFileType = file.storyboard; name = Base; path = Base.lproj/LaunchScreen.storyboard; sourceTree = "<group>"; };
		6035C0FF228AF3E10069A1C5 /* Info.plist */ = {isa = PBXFileReference; lastKnownFileType = text.plist.xml; path = Info.plist; sourceTree = "<group>"; };
		6035C104228AF3E10069A1C5 /* Simple Collection ViewTests.xctest */ = {isa = PBXFileReference; explicitFileType = wrapper.cfbundle; includeInIndex = 0; path = "Simple Collection ViewTests.xctest"; sourceTree = BUILT_PRODUCTS_DIR; };
		6035C108228AF3E10069A1C5 /* Simple_Collection_ViewTests.swift */ = {isa = PBXFileReference; lastKnownFileType = sourcecode.swift; path = Simple_Collection_ViewTests.swift; sourceTree = "<group>"; };
		6035C10A228AF3E10069A1C5 /* Info.plist */ = {isa = PBXFileReference; lastKnownFileType = text.plist.xml; path = Info.plist; sourceTree = "<group>"; };
		6035C10F228AF3E10069A1C5 /* Simple Collection ViewUITests.xctest */ = {isa = PBXFileReference; explicitFileType = wrapper.cfbundle; includeInIndex = 0; path = "Simple Collection ViewUITests.xctest"; sourceTree = BUILT_PRODUCTS_DIR; };
		6035C113228AF3E10069A1C5 /* Simple_Collection_ViewUITests.swift */ = {isa = PBXFileReference; lastKnownFileType = sourcecode.swift; path = Simple_Collection_ViewUITests.swift; sourceTree = "<group>"; };
		6035C115228AF3E10069A1C5 /* Info.plist */ = {isa = PBXFileReference; lastKnownFileType = text.plist.xml; path = Info.plist; sourceTree = "<group>"; };
		6035C121228AF6300069A1C5 /* MyCollectionViewCell.swift */ = {isa = PBXFileReference; lastKnownFileType = sourcecode.swift; path = MyCollectionViewCell.swift; sourceTree = "<group>"; };
/* End PBXFileReference section */

/* Begin PBXFrameworksBuildPhase section */
		6035C0ED228AF3E00069A1C5 /* Frameworks */ = {
			isa = PBXFrameworksBuildPhase;
			buildActionMask = 2147483647;
			files = (
			);
			runOnlyForDeploymentPostprocessing = 0;
		};
		6035C101228AF3E10069A1C5 /* Frameworks */ = {
			isa = PBXFrameworksBuildPhase;
			buildActionMask = 2147483647;
			files = (
			);
			runOnlyForDeploymentPostprocessing = 0;
		};
		6035C10C228AF3E10069A1C5 /* Frameworks */ = {
			isa = PBXFrameworksBuildPhase;
			buildActionMask = 2147483647;
			files = (
			);
			runOnlyForDeploymentPostprocessing = 0;
		};
/* End PBXFrameworksBuildPhase section */

/* Begin PBXGroup section */
		6035C0E7228AF3E00069A1C5 = {
			isa = PBXGroup;
			children = (
				6035C0F2228AF3E00069A1C5 /* Simple Collection View */,
				6035C107228AF3E10069A1C5 /* Simple Collection ViewTests */,
				6035C112228AF3E10069A1C5 /* Simple Collection ViewUITests */,
				6035C0F1228AF3E00069A1C5 /* Products */,
			);
			sourceTree = "<group>";
		};
		6035C0F1228AF3E00069A1C5 /* Products */ = {
			isa = PBXGroup;
			children = (
				6035C0F0228AF3E00069A1C5 /* Simple Collection View.app */,
				6035C104228AF3E10069A1C5 /* Simple Collection ViewTests.xctest */,
				6035C10F228AF3E10069A1C5 /* Simple Collection ViewUITests.xctest */,
			);
			name = Products;
			sourceTree = "<group>";
		};
		6035C0F2228AF3E00069A1C5 /* Simple Collection View */ = {
			isa = PBXGroup;
			children = (
				6035C0F3228AF3E00069A1C5 /* AppDelegate.swift */,
				6035C0F5228AF3E00069A1C5 /* ViewController.swift */,
				6035C121228AF6300069A1C5 /* MyCollectionViewCell.swift */,
				6035C0F7228AF3E00069A1C5 /* Main.storyboard */,
				6035C0FA228AF3E10069A1C5 /* Assets.xcassets */,
				6035C0FC228AF3E10069A1C5 /* LaunchScreen.storyboard */,
				6035C0FF228AF3E10069A1C5 /* Info.plist */,
			);
			path = "Simple Collection View";
			sourceTree = "<group>";
		};
		6035C107228AF3E10069A1C5 /* Simple Collection ViewTests */ = {
			isa = PBXGroup;
			children = (
				6035C108228AF3E10069A1C5 /* Simple_Collection_ViewTests.swift */,
				6035C10A228AF3E10069A1C5 /* Info.plist */,
			);
			path = "Simple Collection ViewTests";
			sourceTree = "<group>";
		};
		6035C112228AF3E10069A1C5 /* Simple Collection ViewUITests */ = {
			isa = PBXGroup;
			children = (
				6035C113228AF3E10069A1C5 /* Simple_Collection_ViewUITests.swift */,
				6035C115228AF3E10069A1C5 /* Info.plist */,
			);
			path = "Simple Collection ViewUITests";
			sourceTree = "<group>";
		};
/* End PBXGroup section */

/* Begin PBXNativeTarget section */
		6035C0EF228AF3E00069A1C5 /* Simple Collection View */ = {
			isa = PBXNativeTarget;
			buildConfigurationList = 6035C118228AF3E10069A1C5 /* Build configuration list for PBXNativeTarget "Simple Collection View" */;
			buildPhases = (
				6035C0EC228AF3E00069A1C5 /* Sources */,
				6035C0ED228AF3E00069A1C5 /* Frameworks */,
				6035C0EE228AF3E00069A1C5 /* Resources */,
			);
			buildRules = (
			);
			dependencies = (
			);
			name = "Simple Collection View";
			productName = "Simple Collection View";
			productReference = 6035C0F0228AF3E00069A1C5 /* Simple Collection View.app */;
			productType = "com.apple.product-type.application";
		};
		6035C103228AF3E10069A1C5 /* Simple Collection ViewTests */ = {
			isa = PBXNativeTarget;
			buildConfigurationList = 6035C11B228AF3E10069A1C5 /* Build configuration list for PBXNativeTarget "Simple Collection ViewTests" */;
			buildPhases = (
				6035C100228AF3E10069A1C5 /* Sources */,
				6035C101228AF3E10069A1C5 /* Frameworks */,
				6035C102228AF3E10069A1C5 /* Resources */,
			);
			buildRules = (
			);
			dependencies = (
				6035C106228AF3E10069A1C5 /* PBXTargetDependency */,
			);
			name = "Simple Collection ViewTests";
			productName = "Simple Collection ViewTests";
			productReference = 6035C104228AF3E10069A1C5 /* Simple Collection ViewTests.xctest */;
			productType = "com.apple.product-type.bundle.unit-test";
		};
		6035C10E228AF3E10069A1C5 /* Simple Collection ViewUITests */ = {
			isa = PBXNativeTarget;
			buildConfigurationList = 6035C11E228AF3E10069A1C5 /* Build configuration list for PBXNativeTarget "Simple Collection ViewUITests" */;
			buildPhases = (
				6035C10B228AF3E10069A1C5 /* Sources */,
				6035C10C228AF3E10069A1C5 /* Frameworks */,
				6035C10D228AF3E10069A1C5 /* Resources */,
			);
			buildRules = (
			);
			dependencies = (
				6035C111228AF3E10069A1C5 /* PBXTargetDependency */,
			);
			name = "Simple Collection ViewUITests";
			productName = "Simple Collection ViewUITests";
			productReference = 6035C10F228AF3E10069A1C5 /* Simple Collection ViewUITests.xctest */;
			productType = "com.apple.product-type.bundle.ui-testing";
		};
/* End PBXNativeTarget section */

/* Begin PBXProject section */
		6035C0E8228AF3E00069A1C5 /* Project object */ = {
			isa = PBXProject;
			attributes = {
				LastSwiftUpdateCheck = 1020;
				LastUpgradeCheck = 1020;
				ORGANIZATIONNAME = RDC;
				TargetAttributes = {
					6035C0EF228AF3E00069A1C5 = {
						CreatedOnToolsVersion = 10.2;
					};
					6035C103228AF3E10069A1C5 = {
						CreatedOnToolsVersion = 10.2;
						TestTargetID = 6035C0EF228AF3E00069A1C5;
					};
					6035C10E228AF3E10069A1C5 = {
						CreatedOnToolsVersion = 10.2;
						TestTargetID = 6035C0EF228AF3E00069A1C5;
					};
				};
			};
			buildConfigurationList = 6035C0EB228AF3E00069A1C5 /* Build configuration list for PBXProject "Simple Collection View" */;
			compatibilityVersion = "Xcode 9.3";
			developmentRegion = en;
			hasScannedForEncodings = 0;
			knownRegions = (
				en,
				Base,
			);
			mainGroup = 6035C0E7228AF3E00069A1C5;
			productRefGroup = 6035C0F1228AF3E00069A1C5 /* Products */;
			projectDirPath = "";
			projectRoot = "";
			targets = (
				6035C0EF228AF3E00069A1C5 /* Simple Collection View */,
				6035C103228AF3E10069A1C5 /* Simple Collection ViewTests */,
				6035C10E228AF3E10069A1C5 /* Simple Collection ViewUITests */,
			);
		};
/* End PBXProject section */

/* Begin PBXResourcesBuildPhase section */
		6035C0EE228AF3E00069A1C5 /* Resources */ = {
			isa = PBXResourcesBuildPhase;
			buildActionMask = 2147483647;
			files = (
				6035C0FE228AF3E10069A1C5 /* LaunchScreen.storyboard in Resources */,
				6035C0FB228AF3E10069A1C5 /* Assets.xcassets in Resources */,
				6035C0F9228AF3E00069A1C5 /* Main.storyboard in Resources */,
			);
			runOnlyForDeploymentPostprocessing = 0;
		};
		6035C102228AF3E10069A1C5 /* Resources */ = {
			isa = PBXResourcesBuildPhase;
			buildActionMask = 2147483647;
			files = (
			);
			runOnlyForDeploymentPostprocessing = 0;
		};
		6035C10D228AF3E10069A1C5 /* Resources */ = {
			isa = PBXResourcesBuildPhase;
			buildActionMask = 2147483647;
			files = (
			);
			runOnlyForDeploymentPostprocessing = 0;
		};
/* End PBXResourcesBuildPhase section */

/* Begin PBXSourcesBuildPhase section */
		6035C0EC228AF3E00069A1C5 /* Sources */ = {
			isa = PBXSourcesBuildPhase;
			buildActionMask = 2147483647;
			files = (
				6035C0F6228AF3E00069A1C5 /* ViewController.swift in Sources */,
				6035C0F4228AF3E00069A1C5 /* AppDelegate.swift in Sources */,
				6035C122228AF6300069A1C5 /* MyCollectionViewCell.swift in Sources */,
			);
			runOnlyForDeploymentPostprocessing = 0;
		};
		6035C100228AF3E10069A1C5 /* Sources */ = {
			isa = PBXSourcesBuildPhase;
			buildActionMask = 2147483647;
			files = (
				6035C109228AF3E10069A1C5 /* Simple_Collection_ViewTests.swift in Sources */,
			);
			runOnlyForDeploymentPostprocessing = 0;
		};
		6035C10B228AF3E10069A1C5 /* Sources */ = {
			isa = PBXSourcesBuildPhase;
			buildActionMask = 2147483647;
			files = (
				6035C114228AF3E10069A1C5 /* Simple_Collection_ViewUITests.swift in Sources */,
			);
			runOnlyForDeploymentPostprocessing = 0;
		};
/* End PBXSourcesBuildPhase section */

/* Begin PBXTargetDependency section */
		6035C106228AF3E10069A1C5 /* PBXTargetDependency */ = {
			isa = PBXTargetDependency;
			target = 6035C0EF228AF3E00069A1C5 /* Simple Collection View */;
			targetProxy = 6035C105228AF3E10069A1C5 /* PBXContainerItemProxy */;
		};
		6035C111228AF3E10069A1C5 /* PBXTargetDependency */ = {
			isa = PBXTargetDependency;
			target = 6035C0EF228AF3E00069A1C5 /* Simple Collection View */;
			targetProxy = 6035C110228AF3E10069A1C5 /* PBXContainerItemProxy */;
		};
/* End PBXTargetDependency section */

/* Begin PBXVariantGroup section */
		6035C0F7228AF3E00069A1C5 /* Main.storyboard */ = {
			isa = PBXVariantGroup;
			children = (
				6035C0F8228AF3E00069A1C5 /* Base */,
			);
			name = Main.storyboard;
			sourceTree = "<group>";
		};
		6035C0FC228AF3E10069A1C5 /* LaunchScreen.storyboard */ = {
			isa = PBXVariantGroup;
			children = (
				6035C0FD228AF3E10069A1C5 /* Base */,
			);
			name = LaunchScreen.storyboard;
			sourceTree = "<group>";
		};
/* End PBXVariantGroup section */

/* Begin XCBuildConfiguration section */
		6035C116228AF3E10069A1C5 /* Debug */ = {
			isa = XCBuildConfiguration;
			buildSettings = {
				ALWAYS_SEARCH_USER_PATHS = NO;
				CLANG_ANALYZER_NONNULL = YES;
				CLANG_ANALYZER_NUMBER_OBJECT_CONVERSION = YES_AGGRESSIVE;
				CLANG_CXX_LANGUAGE_STANDARD = "gnu++14";
				CLANG_CXX_LIBRARY = "libc++";
				CLANG_ENABLE_MODULES = YES;
				CLANG_ENABLE_OBJC_ARC = YES;
				CLANG_ENABLE_OBJC_WEAK = YES;
				CLANG_WARN_BLOCK_CAPTURE_AUTORELEASING = YES;
				CLANG_WARN_BOOL_CONVERSION = YES;
				CLANG_WARN_COMMA = YES;
				CLANG_WARN_CONSTANT_CONVERSION = YES;
				CLANG_WARN_DEPRECATED_OBJC_IMPLEMENTATIONS = YES;
				CLANG_WARN_DIRECT_OBJC_ISA_USAGE = YES_ERROR;
				CLANG_WARN_DOCUMENTATION_COMMENTS = YES;
				CLANG_WARN_EMPTY_BODY = YES;
				CLANG_WARN_ENUM_CONVERSION = YES;
				CLANG_WARN_INFINITE_RECURSION = YES;
				CLANG_WARN_INT_CONVERSION = YES;
				CLANG_WARN_NON_LITERAL_NULL_CONVERSION = YES;
				CLANG_WARN_OBJC_IMPLICIT_RETAIN_SELF = YES;
				CLANG_WARN_OBJC_LITERAL_CONVERSION = YES;
				CLANG_WARN_OBJC_ROOT_CLASS = YES_ERROR;
				CLANG_WARN_RANGE_LOOP_ANALYSIS = YES;
				CLANG_WARN_STRICT_PROTOTYPES = YES;
				CLANG_WARN_SUSPICIOUS_MOVE = YES;
				CLANG_WARN_UNGUARDED_AVAILABILITY = YES_AGGRESSIVE;
				CLANG_WARN_UNREACHABLE_CODE = YES;
				CLANG_WARN__DUPLICATE_METHOD_MATCH = YES;
				CODE_SIGN_IDENTITY = "iPhone Developer";
				COPY_PHASE_STRIP = NO;
				DEBUG_INFORMATION_FORMAT = dwarf;
				ENABLE_STRICT_OBJC_MSGSEND = YES;
				ENABLE_TESTABILITY = YES;
				GCC_C_LANGUAGE_STANDARD = gnu11;
				GCC_DYNAMIC_NO_PIC = NO;
				GCC_NO_COMMON_BLOCKS = YES;
				GCC_OPTIMIZATION_LEVEL = 0;
				GCC_PREPROCESSOR_DEFINITIONS = (
					"DEBUG=1",
					"$(inherited)",
				);
				GCC_WARN_64_TO_32_BIT_CONVERSION = YES;
				GCC_WARN_ABOUT_RETURN_TYPE = YES_ERROR;
				GCC_WARN_UNDECLARED_SELECTOR = YES;
				GCC_WARN_UNINITIALIZED_AUTOS = YES_AGGRESSIVE;
				GCC_WARN_UNUSED_FUNCTION = YES;
				GCC_WARN_UNUSED_VARIABLE = YES;
				IPHONEOS_DEPLOYMENT_TARGET = 12.2;
				MTL_ENABLE_DEBUG_INFO = INCLUDE_SOURCE;
				MTL_FAST_MATH = YES;
				ONLY_ACTIVE_ARCH = YES;
				SDKROOT = iphoneos;
				SWIFT_ACTIVE_COMPILATION_CONDITIONS = DEBUG;
				SWIFT_OPTIMIZATION_LEVEL = "-Onone";
			};
			name = Debug;
		};
		6035C117228AF3E10069A1C5 /* Release */ = {
			isa = XCBuildConfiguration;
			buildSettings = {
				ALWAYS_SEARCH_USER_PATHS = NO;
				CLANG_ANALYZER_NONNULL = YES;
				CLANG_ANALYZER_NUMBER_OBJECT_CONVERSION = YES_AGGRESSIVE;
				CLANG_CXX_LANGUAGE_STANDARD = "gnu++14";
				CLANG_CXX_LIBRARY = "libc++";
				CLANG_ENABLE_MODULES = YES;
				CLANG_ENABLE_OBJC_ARC = YES;
				CLANG_ENABLE_OBJC_WEAK = YES;
				CLANG_WARN_BLOCK_CAPTURE_AUTORELEASING = YES;
				CLANG_WARN_BOOL_CONVERSION = YES;
				CLANG_WARN_COMMA = YES;
				CLANG_WARN_CONSTANT_CONVERSION = YES;
				CLANG_WARN_DEPRECATED_OBJC_IMPLEMENTATIONS = YES;
				CLANG_WARN_DIRECT_OBJC_ISA_USAGE = YES_ERROR;
				CLANG_WARN_DOCUMENTATION_COMMENTS = YES;
				CLANG_WARN_EMPTY_BODY = YES;
				CLANG_WARN_ENUM_CONVERSION = YES;
				CLANG_WARN_INFINITE_RECURSION = YES;
				CLANG_WARN_INT_CONVERSION = YES;
				CLANG_WARN_NON_LITERAL_NULL_CONVERSION = YES;
				CLANG_WARN_OBJC_IMPLICIT_RETAIN_SELF = YES;
				CLANG_WARN_OBJC_LITERAL_CONVERSION = YES;
				CLANG_WARN_OBJC_ROOT_CLASS = YES_ERROR;
				CLANG_WARN_RANGE_LOOP_ANALYSIS = YES;
				CLANG_WARN_STRICT_PROTOTYPES = YES;
				CLANG_WARN_SUSPICIOUS_MOVE = YES;
				CLANG_WARN_UNGUARDED_AVAILABILITY = YES_AGGRESSIVE;
				CLANG_WARN_UNREACHABLE_CODE = YES;
				CLANG_WARN__DUPLICATE_METHOD_MATCH = YES;
				CODE_SIGN_IDENTITY = "iPhone Developer";
				COPY_PHASE_STRIP = NO;
				DEBUG_INFORMATION_FORMAT = "dwarf-with-dsym";
				ENABLE_NS_ASSERTIONS = NO;
				ENABLE_STRICT_OBJC_MSGSEND = YES;
				GCC_C_LANGUAGE_STANDARD = gnu11;
				GCC_NO_COMMON_BLOCKS = YES;
				GCC_WARN_64_TO_32_BIT_CONVERSION = YES;
				GCC_WARN_ABOUT_RETURN_TYPE = YES_ERROR;
				GCC_WARN_UNDECLARED_SELECTOR = YES;
				GCC_WARN_UNINITIALIZED_AUTOS = YES_AGGRESSIVE;
				GCC_WARN_UNUSED_FUNCTION = YES;
				GCC_WARN_UNUSED_VARIABLE = YES;
				IPHONEOS_DEPLOYMENT_TARGET = 12.2;
				MTL_ENABLE_DEBUG_INFO = NO;
				MTL_FAST_MATH = YES;
				SDKROOT = iphoneos;
				SWIFT_COMPILATION_MODE = wholemodule;
				SWIFT_OPTIMIZATION_LEVEL = "-O";
				VALIDATE_PRODUCT = YES;
			};
			name = Release;
		};
		6035C119228AF3E10069A1C5 /* Debug */ = {
			isa = XCBuildConfiguration;
			buildSettings = {
				ASSETCATALOG_COMPILER_APPICON_NAME = AppIcon;
				CODE_SIGN_STYLE = Automatic;
				DEVELOPMENT_TEAM = G87CHFM45D;
				INFOPLIST_FILE = "Simple Collection View/Info.plist";
				LD_RUNPATH_SEARCH_PATHS = (
					"$(inherited)",
					"@executable_path/Frameworks",
				);
				PRODUCT_BUNDLE_IDENTIFIER = "com.rdc.Simple-Collection-View";
				PRODUCT_NAME = "$(TARGET_NAME)";
				SWIFT_VERSION = 5.0;
				TARGETED_DEVICE_FAMILY = "1,2";
			};
			name = Debug;
		};
		6035C11A228AF3E10069A1C5 /* Release */ = {
			isa = XCBuildConfiguration;
			buildSettings = {
				ASSETCATALOG_COMPILER_APPICON_NAME = AppIcon;
				CODE_SIGN_STYLE = Automatic;
				DEVELOPMENT_TEAM = G87CHFM45D;
				INFOPLIST_FILE = "Simple Collection View/Info.plist";
				LD_RUNPATH_SEARCH_PATHS = (
					"$(inherited)",
					"@executable_path/Frameworks",
				);
				PRODUCT_BUNDLE_IDENTIFIER = "com.rdc.Simple-Collection-View";
				PRODUCT_NAME = "$(TARGET_NAME)";
				SWIFT_VERSION = 5.0;
				TARGETED_DEVICE_FAMILY = "1,2";
			};
			name = Release;
		};
		6035C11C228AF3E10069A1C5 /* Debug */ = {
			isa = XCBuildConfiguration;
			buildSettings = {
				ALWAYS_EMBED_SWIFT_STANDARD_LIBRARIES = YES;
				BUNDLE_LOADER = "$(TEST_HOST)";
				CODE_SIGN_STYLE = Automatic;
				DEVELOPMENT_TEAM = G87CHFM45D;
				INFOPLIST_FILE = "Simple Collection ViewTests/Info.plist";
				LD_RUNPATH_SEARCH_PATHS = (
					"$(inherited)",
					"@executable_path/Frameworks",
					"@loader_path/Frameworks",
				);
				PRODUCT_BUNDLE_IDENTIFIER = "com.rdc.Simple-Collection-ViewTests";
				PRODUCT_NAME = "$(TARGET_NAME)";
				SWIFT_VERSION = 5.0;
				TARGETED_DEVICE_FAMILY = "1,2";
				TEST_HOST = "$(BUILT_PRODUCTS_DIR)/Simple Collection View.app/Simple Collection View";
			};
			name = Debug;
		};
		6035C11D228AF3E10069A1C5 /* Release */ = {
			isa = XCBuildConfiguration;
			buildSettings = {
				ALWAYS_EMBED_SWIFT_STANDARD_LIBRARIES = YES;
				BUNDLE_LOADER = "$(TEST_HOST)";
				CODE_SIGN_STYLE = Automatic;
				DEVELOPMENT_TEAM = G87CHFM45D;
				INFOPLIST_FILE = "Simple Collection ViewTests/Info.plist";
				LD_RUNPATH_SEARCH_PATHS = (
					"$(inherited)",
					"@executable_path/Frameworks",
					"@loader_path/Frameworks",
				);
				PRODUCT_BUNDLE_IDENTIFIER = "com.rdc.Simple-Collection-ViewTests";
				PRODUCT_NAME = "$(TARGET_NAME)";
				SWIFT_VERSION = 5.0;
				TARGETED_DEVICE_FAMILY = "1,2";
				TEST_HOST = "$(BUILT_PRODUCTS_DIR)/Simple Collection View.app/Simple Collection View";
			};
			name = Release;
		};
		6035C11F228AF3E10069A1C5 /* Debug */ = {
			isa = XCBuildConfiguration;
			buildSettings = {
				ALWAYS_EMBED_SWIFT_STANDARD_LIBRARIES = YES;
				CODE_SIGN_STYLE = Automatic;
				DEVELOPMENT_TEAM = G87CHFM45D;
				INFOPLIST_FILE = "Simple Collection ViewUITests/Info.plist";
				LD_RUNPATH_SEARCH_PATHS = (
					"$(inherited)",
					"@executable_path/Frameworks",
					"@loader_path/Frameworks",
				);
				PRODUCT_BUNDLE_IDENTIFIER = "com.rdc.Simple-Collection-ViewUITests";
				PRODUCT_NAME = "$(TARGET_NAME)";
				SWIFT_VERSION = 5.0;
				TARGETED_DEVICE_FAMILY = "1,2";
				TEST_TARGET_NAME = "Simple Collection View";
			};
			name = Debug;
		};
		6035C120228AF3E10069A1C5 /* Release */ = {
			isa = XCBuildConfiguration;
			buildSettings = {
				ALWAYS_EMBED_SWIFT_STANDARD_LIBRARIES = YES;
				CODE_SIGN_STYLE = Automatic;
				DEVELOPMENT_TEAM = G87CHFM45D;
				INFOPLIST_FILE = "Simple Collection ViewUITests/Info.plist";
				LD_RUNPATH_SEARCH_PATHS = (
					"$(inherited)",
					"@executable_path/Frameworks",
					"@loader_path/Frameworks",
				);
				PRODUCT_BUNDLE_IDENTIFIER = "com.rdc.Simple-Collection-ViewUITests";
				PRODUCT_NAME = "$(TARGET_NAME)";
				SWIFT_VERSION = 5.0;
				TARGETED_DEVICE_FAMILY = "1,2";
				TEST_TARGET_NAME = "Simple Collection View";
			};
			name = Release;
		};
/* End XCBuildConfiguration section */

/* Begin XCConfigurationList section */
		6035C0EB228AF3E00069A1C5 /* Build configuration list for PBXProject "Simple Collection View" */ = {
			isa = XCConfigurationList;
			buildConfigurations = (
				6035C116228AF3E10069A1C5 /* Debug */,
				6035C117228AF3E10069A1C5 /* Release */,
			);
			defaultConfigurationIsVisible = 0;
			defaultConfigurationName = Release;
		};
		6035C118228AF3E10069A1C5 /* Build configuration list for PBXNativeTarget "Simple Collection View" */ = {
			isa = XCConfigurationList;
			buildConfigurations = (
				6035C119228AF3E10069A1C5 /* Debug */,
				6035C11A228AF3E10069A1C5 /* Release */,
			);
			defaultConfigurationIsVisible = 0;
			defaultConfigurationName = Release;
		};
		6035C11B228AF3E10069A1C5 /* Build configuration list for PBXNativeTarget "Simple Collection ViewTests" */ = {
			isa = XCConfigurationList;
			buildConfigurations = (
				6035C11C228AF3E10069A1C5 /* Debug */,
				6035C11D228AF3E10069A1C5 /* Release */,
			);
			defaultConfigurationIsVisible = 0;
			defaultConfigurationName = Release;
		};
		6035C11E228AF3E10069A1C5 /* Build configuration list for PBXNativeTarget "Simple Collection ViewUITests" */ = {
			isa = XCConfigurationList;
			buildConfigurations = (
				6035C11F228AF3E10069A1C5 /* Debug */,
				6035C120228AF3E10069A1C5 /* Release */,
			);
			defaultConfigurationIsVisible = 0;
			defaultConfigurationName = Release;
		};
/* End XCConfigurationList section */
	};
	rootObject = 6035C0E8228AF3E00069A1C5 /* Project object */;
}
